// !$*UTF8*$!
{
	archiveVersion = 1;
	classes = {
	};
	objectVersion = 48;
	objects = {

/* Begin PBXBuildFile section */
		560E5A171FBD201500432D66 /* AppDelegate.swift in Sources */ = {isa = PBXBuildFile; fileRef = 560E5A161FBD201500432D66 /* AppDelegate.swift */; };
		560E5A191FBD201500432D66 /* ViewController.swift in Sources */ = {isa = PBXBuildFile; fileRef = 560E5A181FBD201500432D66 /* ViewController.swift */; };
		560E5A1C1FBD201500432D66 /* Main.storyboard in Resources */ = {isa = PBXBuildFile; fileRef = 560E5A1A1FBD201500432D66 /* Main.storyboard */; };
		560E5A1E1FBD201500432D66 /* Assets.xcassets in Resources */ = {isa = PBXBuildFile; fileRef = 560E5A1D1FBD201500432D66 /* Assets.xcassets */; };
		560E5A211FBD201500432D66 /* LaunchScreen.storyboard in Resources */ = {isa = PBXBuildFile; fileRef = 560E5A1F1FBD201500432D66 /* LaunchScreen.storyboard */; };
		560E5A2E1FBD293F00432D66 /* beats2.wav in Resources */ = {isa = PBXBuildFile; fileRef = 560E5A281FBD293E00432D66 /* beats2.wav */; };
		560E5A2F1FBD293F00432D66 /* beats1.wav in Resources */ = {isa = PBXBuildFile; fileRef = 560E5A291FBD293E00432D66 /* beats1.wav */; };
		560E5A301FBD293F00432D66 /* synth1.wav in Resources */ = {isa = PBXBuildFile; fileRef = 560E5A2A1FBD293E00432D66 /* synth1.wav */; };
		560E5A311FBD293F00432D66 /* bass1.wav in Resources */ = {isa = PBXBuildFile; fileRef = 560E5A2B1FBD293F00432D66 /* bass1.wav */; };
		560E5A321FBD293F00432D66 /* synth2.wav in Resources */ = {isa = PBXBuildFile; fileRef = 560E5A2C1FBD293F00432D66 /* synth2.wav */; };
		560E5A331FBD293F00432D66 /* bass2.wav in Resources */ = {isa = PBXBuildFile; fileRef = 560E5A2D1FBD293F00432D66 /* bass2.wav */; };
/* End PBXBuildFile section */

/* Begin PBXFileReference section */
		560E5A131FBD201500432D66 /* iOS_Looper.app */ = {isa = PBXFileReference; explicitFileType = wrapper.application; includeInIndex = 0; path = iOS_Looper.app; sourceTree = BUILT_PRODUCTS_DIR; };
		560E5A161FBD201500432D66 /* AppDelegate.swift */ = {isa = PBXFileReference; lastKnownFileType = sourcecode.swift; path = AppDelegate.swift; sourceTree = "<group>"; };
		560E5A181FBD201500432D66 /* ViewController.swift */ = {isa = PBXFileReference; lastKnownFileType = sourcecode.swift; path = ViewController.swift; sourceTree = "<group>"; };
		560E5A1B1FBD201500432D66 /* Base */ = {isa = PBXFileReference; lastKnownFileType = file.storyboard; name = Base; path = Base.lproj/Main.storyboard; sourceTree = "<group>"; };
		560E5A1D1FBD201500432D66 /* Assets.xcassets */ = {isa = PBXFileReference; lastKnownFileType = folder.assetcatalog; path = Assets.xcassets; sourceTree = "<group>"; };
		560E5A201FBD201500432D66 /* Base */ = {isa = PBXFileReference; lastKnownFileType = file.storyboard; name = Base; path = Base.lproj/LaunchScreen.storyboard; sourceTree = "<group>"; };
		560E5A221FBD201500432D66 /* Info.plist */ = {isa = PBXFileReference; lastKnownFileType = text.plist.xml; path = Info.plist; sourceTree = "<group>"; };
		560E5A281FBD293E00432D66 /* beats2.wav */ = {isa = PBXFileReference; lastKnownFileType = audio.wav; path = beats2.wav; sourceTree = "<group>"; };
		560E5A291FBD293E00432D66 /* beats1.wav */ = {isa = PBXFileReference; lastKnownFileType = audio.wav; path = beats1.wav; sourceTree = "<group>"; };
		560E5A2A1FBD293E00432D66 /* synth1.wav */ = {isa = PBXFileReference; lastKnownFileType = audio.wav; path = synth1.wav; sourceTree = "<group>"; };
		560E5A2B1FBD293F00432D66 /* bass1.wav */ = {isa = PBXFileReference; lastKnownFileType = audio.wav; path = bass1.wav; sourceTree = "<group>"; };
		560E5A2C1FBD293F00432D66 /* synth2.wav */ = {isa = PBXFileReference; lastKnownFileType = audio.wav; path = synth2.wav; sourceTree = "<group>"; };
		560E5A2D1FBD293F00432D66 /* bass2.wav */ = {isa = PBXFileReference; lastKnownFileType = audio.wav; path = bass2.wav; sourceTree = "<group>"; };
/* End PBXFileReference section */

/* Begin PBXFrameworksBuildPhase section */
		560E5A101FBD201500432D66 /* Frameworks */ = {
			isa = PBXFrameworksBuildPhase;
			buildActionMask = 2147483647;
			files = (
			);
			runOnlyForDeploymentPostprocessing = 0;
		};
/* End PBXFrameworksBuildPhase section */

/* Begin PBXGroup section */
		560E5A0A1FBD201500432D66 = {
			isa = PBXGroup;
			children = (
				560E5A151FBD201500432D66 /* iOS_Looper */,
				560E5A141FBD201500432D66 /* Products */,
			);
			sourceTree = "<group>";
		};
		560E5A141FBD201500432D66 /* Products */ = {
			isa = PBXGroup;
			children = (
				560E5A131FBD201500432D66 /* iOS_Looper.app */,
			);
			name = Products;
			sourceTree = "<group>";
		};
		560E5A151FBD201500432D66 /* iOS_Looper */ = {
			isa = PBXGroup;
			children = (
				560E5A2B1FBD293F00432D66 /* bass1.wav */,
				560E5A2D1FBD293F00432D66 /* bass2.wav */,
				560E5A291FBD293E00432D66 /* beats1.wav */,
				560E5A281FBD293E00432D66 /* beats2.wav */,
				560E5A2A1FBD293E00432D66 /* synth1.wav */,
				560E5A2C1FBD293F00432D66 /* synth2.wav */,
				560E5A161FBD201500432D66 /* AppDelegate.swift */,
				560E5A181FBD201500432D66 /* ViewController.swift */,
				560E5A1A1FBD201500432D66 /* Main.storyboard */,
				560E5A1D1FBD201500432D66 /* Assets.xcassets */,
				560E5A1F1FBD201500432D66 /* LaunchScreen.storyboard */,
				560E5A221FBD201500432D66 /* Info.plist */,
			);
			path = iOS_Looper;
			sourceTree = "<group>";
		};
/* End PBXGroup section */

/* Begin PBXNativeTarget section */
		560E5A121FBD201500432D66 /* iOS_Looper */ = {
			isa = PBXNativeTarget;
			buildConfigurationList = 560E5A251FBD201500432D66 /* Build configuration list for PBXNativeTarget "iOS_Looper" */;
			buildPhases = (
				560E5A0F1FBD201500432D66 /* Sources */,
				560E5A101FBD201500432D66 /* Frameworks */,
				560E5A111FBD201500432D66 /* Resources */,
			);
			buildRules = (
			);
			dependencies = (
			);
			name = iOS_Looper;
			productName = iOS_Looper;
			productReference = 560E5A131FBD201500432D66 /* iOS_Looper.app */;
			productType = "com.apple.product-type.application";
		};
/* End PBXNativeTarget section */

/* Begin PBXProject section */
		560E5A0B1FBD201500432D66 /* Project object */ = {
			isa = PBXProject;
			attributes = {
				LastSwiftUpdateCheck = 0920;
				LastUpgradeCheck = 0920;
				ORGANIZATIONNAME = "Or Fleisher";
				TargetAttributes = {
					560E5A121FBD201500432D66 = {
						CreatedOnToolsVersion = 9.2;
						ProvisioningStyle = Automatic;
					};
				};
			};
			buildConfigurationList = 560E5A0E1FBD201500432D66 /* Build configuration list for PBXProject "iOS_Looper" */;
			compatibilityVersion = "Xcode 8.0";
			developmentRegion = en;
			hasScannedForEncodings = 0;
			knownRegions = (
				en,
				Base,
			);
			mainGroup = 560E5A0A1FBD201500432D66;
			productRefGroup = 560E5A141FBD201500432D66 /* Products */;
			projectDirPath = "";
			projectRoot = "";
			targets = (
				560E5A121FBD201500432D66 /* iOS_Looper */,
			);
		};
/* End PBXProject section */

/* Begin PBXResourcesBuildPhase section */
		560E5A111FBD201500432D66 /* Resources */ = {
			isa = PBXResourcesBuildPhase;
			buildActionMask = 2147483647;
			files = (
				560E5A331FBD293F00432D66 /* bass2.wav in Resources */,
				560E5A211FBD201500432D66 /* LaunchScreen.storyboard in Resources */,
				560E5A1E1FBD201500432D66 /* Assets.xcassets in Resources */,
				560E5A1C1FBD201500432D66 /* Main.storyboard in Resources */,
				560E5A301FBD293F00432D66 /* synth1.wav in Resources */,
				560E5A2E1FBD293F00432D66 /* beats2.wav in Resources */,
				560E5A2F1FBD293F00432D66 /* beats1.wav in Resources */,
				560E5A321FBD293F00432D66 /* synth2.wav in Resources */,
				560E5A311FBD293F00432D66 /* bass1.wav in Resources */,
			);
			runOnlyForDeploymentPostprocessing = 0;
		};
/* End PBXResourcesBuildPhase section */

/* Begin PBXSourcesBuildPhase section */
		560E5A0F1FBD201500432D66 /* Sources */ = {
			isa = PBXSourcesBuildPhase;
			buildActionMask = 2147483647;
			files = (
				560E5A191FBD201500432D66 /* ViewController.swift in Sources */,
				560E5A171FBD201500432D66 /* AppDelegate.swift in Sources */,
			);
			runOnlyForDeploymentPostprocessing = 0;
		};
/* End PBXSourcesBuildPhase section */

/* Begin PBXVariantGroup section */
		560E5A1A1FBD201500432D66 /* Main.storyboard */ = {
			isa = PBXVariantGroup;
			children = (
				560E5A1B1FBD201500432D66 /* Base */,
			);
			name = Main.storyboard;
			sourceTree = "<group>";
		};
		560E5A1F1FBD201500432D66 /* LaunchScreen.storyboard */ = {
			isa = PBXVariantGroup;
			children = (
				560E5A201FBD201500432D66 /* Base */,
			);
			name = LaunchScreen.storyboard;
			sourceTree = "<group>";
		};
/* End PBXVariantGroup section */

/* Begin XCBuildConfiguration section */
		560E5A231FBD201500432D66 /* Debug */ = {
			isa = XCBuildConfiguration;
			buildSettings = {
				ALWAYS_SEARCH_USER_PATHS = NO;
				CLANG_ANALYZER_NONNULL = YES;
				CLANG_ANALYZER_NUMBER_OBJECT_CONVERSION = YES_AGGRESSIVE;
				CLANG_CXX_LANGUAGE_STANDARD = "gnu++14";
				CLANG_CXX_LIBRARY = "libc++";
				CLANG_ENABLE_MODULES = YES;
				CLANG_ENABLE_OBJC_ARC = YES;
				CLANG_WARN_BLOCK_CAPTURE_AUTORELEASING = YES;
				CLANG_WARN_BOOL_CONVERSION = YES;
				CLANG_WARN_COMMA = YES;
				CLANG_WARN_CONSTANT_CONVERSION = YES;
				CLANG_WARN_DIRECT_OBJC_ISA_USAGE = YES_ERROR;
				CLANG_WARN_DOCUMENTATION_COMMENTS = YES;
				CLANG_WARN_EMPTY_BODY = YES;
				CLANG_WARN_ENUM_CONVERSION = YES;
				CLANG_WARN_INFINITE_RECURSION = YES;
				CLANG_WARN_INT_CONVERSION = YES;
				CLANG_WARN_NON_LITERAL_NULL_CONVERSION = YES;
				CLANG_WARN_OBJC_LITERAL_CONVERSION = YES;
				CLANG_WARN_OBJC_ROOT_CLASS = YES_ERROR;
				CLANG_WARN_RANGE_LOOP_ANALYSIS = YES;
				CLANG_WARN_STRICT_PROTOTYPES = YES;
				CLANG_WARN_SUSPICIOUS_MOVE = YES;
				CLANG_WARN_UNGUARDED_AVAILABILITY = YES_AGGRESSIVE;
				CLANG_WARN_UNREACHABLE_CODE = YES;
				CLANG_WARN__DUPLICATE_METHOD_MATCH = YES;
				CODE_SIGN_IDENTITY = "iPhone Developer";
				COPY_PHASE_STRIP = NO;
				DEBUG_INFORMATION_FORMAT = dwarf;
				ENABLE_STRICT_OBJC_MSGSEND = YES;
				ENABLE_TESTABILITY = YES;
				GCC_C_LANGUAGE_STANDARD = gnu11;
				GCC_DYNAMIC_NO_PIC = NO;
				GCC_NO_COMMON_BLOCKS = YES;
				GCC_OPTIMIZATION_LEVEL = 0;
				GCC_PREPROCESSOR_DEFINITIONS = (
					"DEBUG=1",
					"$(inherited)",
				);
				GCC_WARN_64_TO_32_BIT_CONVERSION = YES;
				GCC_WARN_ABOUT_RETURN_TYPE = YES_ERROR;
				GCC_WARN_UNDECLARED_SELECTOR = YES;
				GCC_WARN_UNINITIALIZED_AUTOS = YES_AGGRESSIVE;
				GCC_WARN_UNUSED_FUNCTION = YES;
				GCC_WARN_UNUSED_VARIABLE = YES;
				IPHONEOS_DEPLOYMENT_TARGET = 11.2;
				MTL_ENABLE_DEBUG_INFO = YES;
				ONLY_ACTIVE_ARCH = YES;
				SDKROOT = iphoneos;
				SWIFT_ACTIVE_COMPILATION_CONDITIONS = DEBUG;
				SWIFT_OPTIMIZATION_LEVEL = "-Onone";
			};
			name = Debug;
		};
		560E5A241FBD201500432D66 /* Release */ = {
			isa = XCBuildConfiguration;
			buildSettings = {
				ALWAYS_SEARCH_USER_PATHS = NO;
				CLANG_ANALYZER_NONNULL = YES;
				CLANG_ANALYZER_NUMBER_OBJECT_CONVERSION = YES_AGGRESSIVE;
				CLANG_CXX_LANGUAGE_STANDARD = "gnu++14";
				CLANG_CXX_LIBRARY = "libc++";
				CLANG_ENABLE_MODULES = YES;
				CLANG_ENABLE_OBJC_ARC = YES;
				CLANG_WARN_BLOCK_CAPTURE_AUTORELEASING = YES;
				CLANG_WARN_BOOL_CONVERSION = YES;
				CLANG_WARN_COMMA = YES;
				CLANG_WARN_CONSTANT_CONVERSION = YES;
				CLANG_WARN_DIRECT_OBJC_ISA_USAGE = YES_ERROR;
				CLANG_WARN_DOCUMENTATION_COMMENTS = YES;
				CLANG_WARN_EMPTY_BODY = YES;
				CLANG_WARN_ENUM_CONVERSION = YES;
				CLANG_WARN_INFINITE_RECURSION = YES;
				CLANG_WARN_INT_CONVERSION = YES;
				CLANG_WARN_NON_LITERAL_NULL_CONVERSION = YES;
				CLANG_WARN_OBJC_LITERAL_CONVERSION = YES;
				CLANG_WARN_OBJC_ROOT_CLASS = YES_ERROR;
				CLANG_WARN_RANGE_LOOP_ANALYSIS = YES;
				CLANG_WARN_STRICT_PROTOTYPES = YES;
				CLANG_WARN_SUSPICIOUS_MOVE = YES;
				CLANG_WARN_UNGUARDED_AVAILABILITY = YES_AGGRESSIVE;
				CLANG_WARN_UNREACHABLE_CODE = YES;
				CLANG_WARN__DUPLICATE_METHOD_MATCH = YES;
				CODE_SIGN_IDENTITY = "iPhone Developer";
				COPY_PHASE_STRIP = NO;
				DEBUG_INFORMATION_FORMAT = "dwarf-with-dsym";
				ENABLE_NS_ASSERTIONS = NO;
				ENABLE_STRICT_OBJC_MSGSEND = YES;
				GCC_C_LANGUAGE_STANDARD = gnu11;
				GCC_NO_COMMON_BLOCKS = YES;
				GCC_WARN_64_TO_32_BIT_CONVERSION = YES;
				GCC_WARN_ABOUT_RETURN_TYPE = YES_ERROR;
				GCC_WARN_UNDECLARED_SELECTOR = YES;
				GCC_WARN_UNINITIALIZED_AUTOS = YES_AGGRESSIVE;
				GCC_WARN_UNUSED_FUNCTION = YES;
				GCC_WARN_UNUSED_VARIABLE = YES;
				IPHONEOS_DEPLOYMENT_TARGET = 11.2;
				MTL_ENABLE_DEBUG_INFO = NO;
				SDKROOT = iphoneos;
				SWIFT_OPTIMIZATION_LEVEL = "-Owholemodule";
				VALIDATE_PRODUCT = YES;
			};
			name = Release;
		};
		560E5A261FBD201500432D66 /* Debug */ = {
			isa = XCBuildConfiguration;
			buildSettings = {
				ASSETCATALOG_COMPILER_APPICON_NAME = AppIcon;
				CODE_SIGN_STYLE = Automatic;
				DEVELOPMENT_TEAM = W792B9Y59T;
				INFOPLIST_FILE = iOS_Looper/Info.plist;
				LD_RUNPATH_SEARCH_PATHS = "$(inherited) @executable_path/Frameworks";
				PRODUCT_BUNDLE_IDENTIFIER = "orfleisher.iOS-Looper";
				PRODUCT_NAME = "$(TARGET_NAME)";
				SWIFT_VERSION = 4.0;
				TARGETED_DEVICE_FAMILY = "1,2";
			};
			name = Debug;
		};
		560E5A271FBD201500432D66 /* Release */ = {
			isa = XCBuildConfiguration;
			buildSettings = {
				ASSETCATALOG_COMPILER_APPICON_NAME = AppIcon;
				CODE_SIGN_STYLE = Automatic;
				DEVELOPMENT_TEAM = W792B9Y59T;
				INFOPLIST_FILE = iOS_Looper/Info.plist;
				LD_RUNPATH_SEARCH_PATHS = "$(inherited) @executable_path/Frameworks";
				PRODUCT_BUNDLE_IDENTIFIER = "orfleisher.iOS-Looper";
				PRODUCT_NAME = "$(TARGET_NAME)";
				SWIFT_VERSION = 4.0;
				TARGETED_DEVICE_FAMILY = "1,2";
			};
			name = Release;
		};
/* End XCBuildConfiguration section */

/* Begin XCConfigurationList section */
		560E5A0E1FBD201500432D66 /* Build configuration list for PBXProject "iOS_Looper" */ = {
			isa = XCConfigurationList;
			buildConfigurations = (
				560E5A231FBD201500432D66 /* Debug */,
				560E5A241FBD201500432D66 /* Release */,
			);
			defaultConfigurationIsVisible = 0;
			defaultConfigurationName = Release;
		};
		560E5A251FBD201500432D66 /* Build configuration list for PBXNativeTarget "iOS_Looper" */ = {
			isa = XCConfigurationList;
			buildConfigurations = (
				560E5A261FBD201500432D66 /* Debug */,
				560E5A271FBD201500432D66 /* Release */,
			);
			defaultConfigurationIsVisible = 0;
			defaultConfigurationName = Release;
		};
/* End XCConfigurationList section */
	};
	rootObject = 560E5A0B1FBD201500432D66 /* Project object */;
}
